// !$*UTF8*$!
{
	archiveVersion = 1;
	classes = {
	};
	objectVersion = 46;
	objects = {

/* Begin PBXBuildFile section */
		A5A8E73E1BB4EC0800E5973E /* AppDelegate.swift in Sources */ = {isa = PBXBuildFile; fileRef = A5A8E73D1BB4EC0800E5973E /* AppDelegate.swift */; };
		A5A8E7401BB4EC0800E5973E /* ViewController.swift in Sources */ = {isa = PBXBuildFile; fileRef = A5A8E73F1BB4EC0800E5973E /* ViewController.swift */; };
		A5A8E7431BB4EC0800E5973E /* Main.storyboard in Resources */ = {isa = PBXBuildFile; fileRef = A5A8E7411BB4EC0800E5973E /* Main.storyboard */; };
		A5A8E7451BB4EC0800E5973E /* Images.xcassets in Resources */ = {isa = PBXBuildFile; fileRef = A5A8E7441BB4EC0800E5973E /* Images.xcassets */; };
		A5A8E7481BB4EC0800E5973E /* LaunchScreen.xib in Resources */ = {isa = PBXBuildFile; fileRef = A5A8E7461BB4EC0800E5973E /* LaunchScreen.xib */; };
		A5A8E7541BB4EC0800E5973E /* MonkeyPinch64Tests.swift in Sources */ = {isa = PBXBuildFile; fileRef = A5A8E7531BB4EC0800E5973E /* MonkeyPinch64Tests.swift */; };
		A5A8E7631BB4EC7400E5973E /* banana.png in Resources */ = {isa = PBXBuildFile; fileRef = A5A8E75D1BB4EC7400E5973E /* banana.png */; };
		A5A8E7641BB4EC7400E5973E /* banana@2x.png in Resources */ = {isa = PBXBuildFile; fileRef = A5A8E75E1BB4EC7400E5973E /* banana@2x.png */; };
		A5A8E7651BB4EC7400E5973E /* chomp.caf in Resources */ = {isa = PBXBuildFile; fileRef = A5A8E75F1BB4EC7400E5973E /* chomp.caf */; };
		A5A8E7661BB4EC7400E5973E /* hehehe1.caf in Resources */ = {isa = PBXBuildFile; fileRef = A5A8E7601BB4EC7400E5973E /* hehehe1.caf */; };
		A5A8E7671BB4EC7400E5973E /* monkey.png in Resources */ = {isa = PBXBuildFile; fileRef = A5A8E7611BB4EC7400E5973E /* monkey.png */; };
		A5A8E7681BB4EC7400E5973E /* monkey@2x.png in Resources */ = {isa = PBXBuildFile; fileRef = A5A8E7621BB4EC7400E5973E /* monkey@2x.png */; };
		A5AE7D981BB4FE3C0049F12A /* TickleGestureRecognizer.swift in Sources */ = {isa = PBXBuildFile; fileRef = A5AE7D971BB4FE3C0049F12A /* TickleGestureRecognizer.swift */; };
/* End PBXBuildFile section */

/* Begin PBXContainerItemProxy section */
		A5A8E74E1BB4EC0800E5973E /* PBXContainerItemProxy */ = {
			isa = PBXContainerItemProxy;
			containerPortal = A5A8E7301BB4EC0700E5973E /* Project object */;
			proxyType = 1;
			remoteGlobalIDString = A5A8E7371BB4EC0700E5973E;
			remoteInfo = MonkeyPinch64;
		};
/* End PBXContainerItemProxy section */

/* Begin PBXFileReference section */
		A5A8E7381BB4EC0800E5973E /* MonkeyPinch64.app */ = {isa = PBXFileReference; explicitFileType = wrapper.application; includeInIndex = 0; path = MonkeyPinch64.app; sourceTree = BUILT_PRODUCTS_DIR; };
		A5A8E73C1BB4EC0800E5973E /* Info.plist */ = {isa = PBXFileReference; lastKnownFileType = text.plist.xml; path = Info.plist; sourceTree = "<group>"; };
		A5A8E73D1BB4EC0800E5973E /* AppDelegate.swift */ = {isa = PBXFileReference; lastKnownFileType = sourcecode.swift; path = AppDelegate.swift; sourceTree = "<group>"; };
		A5A8E73F1BB4EC0800E5973E /* ViewController.swift */ = {isa = PBXFileReference; lastKnownFileType = sourcecode.swift; path = ViewController.swift; sourceTree = "<group>"; };
		A5A8E7421BB4EC0800E5973E /* Base */ = {isa = PBXFileReference; lastKnownFileType = file.storyboard; name = Base; path = Base.lproj/Main.storyboard; sourceTree = "<group>"; };
		A5A8E7441BB4EC0800E5973E /* Images.xcassets */ = {isa = PBXFileReference; lastKnownFileType = folder.assetcatalog; path = Images.xcassets; sourceTree = "<group>"; };
		A5A8E7471BB4EC0800E5973E /* Base */ = {isa = PBXFileReference; lastKnownFileType = file.xib; name = Base; path = Base.lproj/LaunchScreen.xib; sourceTree = "<group>"; };
		A5A8E74D1BB4EC0800E5973E /* MonkeyPinch64Tests.xctest */ = {isa = PBXFileReference; explicitFileType = wrapper.cfbundle; includeInIndex = 0; path = MonkeyPinch64Tests.xctest; sourceTree = BUILT_PRODUCTS_DIR; };
		A5A8E7521BB4EC0800E5973E /* Info.plist */ = {isa = PBXFileReference; lastKnownFileType = text.plist.xml; path = Info.plist; sourceTree = "<group>"; };
		A5A8E7531BB4EC0800E5973E /* MonkeyPinch64Tests.swift */ = {isa = PBXFileReference; lastKnownFileType = sourcecode.swift; path = MonkeyPinch64Tests.swift; sourceTree = "<group>"; };
		A5A8E75D1BB4EC7400E5973E /* banana.png */ = {isa = PBXFileReference; lastKnownFileType = image.png; path = banana.png; sourceTree = "<group>"; };
		A5A8E75E1BB4EC7400E5973E /* banana@2x.png */ = {isa = PBXFileReference; lastKnownFileType = image.png; path = "banana@2x.png"; sourceTree = "<group>"; };
		A5A8E75F1BB4EC7400E5973E /* chomp.caf */ = {isa = PBXFileReference; lastKnownFileType = file; path = chomp.caf; sourceTree = "<group>"; };
		A5A8E7601BB4EC7400E5973E /* hehehe1.caf */ = {isa = PBXFileReference; lastKnownFileType = file; path = hehehe1.caf; sourceTree = "<group>"; };
		A5A8E7611BB4EC7400E5973E /* monkey.png */ = {isa = PBXFileReference; lastKnownFileType = image.png; path = monkey.png; sourceTree = "<group>"; };
		A5A8E7621BB4EC7400E5973E /* monkey@2x.png */ = {isa = PBXFileReference; lastKnownFileType = image.png; path = "monkey@2x.png"; sourceTree = "<group>"; };
		A5AE7D971BB4FE3C0049F12A /* TickleGestureRecognizer.swift */ = {isa = PBXFileReference; fileEncoding = 4; lastKnownFileType = sourcecode.swift; path = TickleGestureRecognizer.swift; sourceTree = "<group>"; };
		A5AE7D991BB4FEC90049F12A /* MonkeyPinch64-Bridging-Header.h */ = {isa = PBXFileReference; lastKnownFileType = sourcecode.c.h; path = "MonkeyPinch64-Bridging-Header.h"; sourceTree = "<group>"; };
/* End PBXFileReference section */

/* Begin PBXFrameworksBuildPhase section */
		A5A8E7351BB4EC0700E5973E /* Frameworks */ = {
			isa = PBXFrameworksBuildPhase;
			buildActionMask = 2147483647;
			files = (
			);
			runOnlyForDeploymentPostprocessing = 0;
		};
		A5A8E74A1BB4EC0800E5973E /* Frameworks */ = {
			isa = PBXFrameworksBuildPhase;
			buildActionMask = 2147483647;
			files = (
			);
			runOnlyForDeploymentPostprocessing = 0;
		};
/* End PBXFrameworksBuildPhase section */

/* Begin PBXGroup section */
		A5A8E72F1BB4EC0700E5973E = {
			isa = PBXGroup;
			children = (
				A5A8E73A1BB4EC0800E5973E /* MonkeyPinch64 */,
				A5A8E7501BB4EC0800E5973E /* MonkeyPinch64Tests */,
				A5A8E7391BB4EC0800E5973E /* Products */,
			);
			sourceTree = "<group>";
		};
		A5A8E7391BB4EC0800E5973E /* Products */ = {
			isa = PBXGroup;
			children = (
				A5A8E7381BB4EC0800E5973E /* MonkeyPinch64.app */,
				A5A8E74D1BB4EC0800E5973E /* MonkeyPinch64Tests.xctest */,
			);
			name = Products;
			sourceTree = "<group>";
		};
		A5A8E73A1BB4EC0800E5973E /* MonkeyPinch64 */ = {
			isa = PBXGroup;
			children = (
				A5A8E75D1BB4EC7400E5973E /* banana.png */,
				A5A8E75E1BB4EC7400E5973E /* banana@2x.png */,
				A5A8E75F1BB4EC7400E5973E /* chomp.caf */,
				A5A8E7601BB4EC7400E5973E /* hehehe1.caf */,
				A5A8E7611BB4EC7400E5973E /* monkey.png */,
				A5A8E7621BB4EC7400E5973E /* monkey@2x.png */,
				A5A8E73D1BB4EC0800E5973E /* AppDelegate.swift */,
				A5A8E73F1BB4EC0800E5973E /* ViewController.swift */,
				A5A8E7411BB4EC0800E5973E /* Main.storyboard */,
				A5AE7D971BB4FE3C0049F12A /* TickleGestureRecognizer.swift */,
				A5A8E7441BB4EC0800E5973E /* Images.xcassets */,
				A5A8E7461BB4EC0800E5973E /* LaunchScreen.xib */,
				A5A8E73B1BB4EC0800E5973E /* Supporting Files */,
				A5AE7D991BB4FEC90049F12A /* MonkeyPinch64-Bridging-Header.h */,
			);
			path = MonkeyPinch64;
			sourceTree = "<group>";
		};
		A5A8E73B1BB4EC0800E5973E /* Supporting Files */ = {
			isa = PBXGroup;
			children = (
				A5A8E73C1BB4EC0800E5973E /* Info.plist */,
			);
			name = "Supporting Files";
			sourceTree = "<group>";
		};
		A5A8E7501BB4EC0800E5973E /* MonkeyPinch64Tests */ = {
			isa = PBXGroup;
			children = (
				A5A8E7531BB4EC0800E5973E /* MonkeyPinch64Tests.swift */,
				A5A8E7511BB4EC0800E5973E /* Supporting Files */,
			);
			path = MonkeyPinch64Tests;
			sourceTree = "<group>";
		};
		A5A8E7511BB4EC0800E5973E /* Supporting Files */ = {
			isa = PBXGroup;
			children = (
				A5A8E7521BB4EC0800E5973E /* Info.plist */,
			);
			name = "Supporting Files";
			sourceTree = "<group>";
		};
/* End PBXGroup section */

/* Begin PBXNativeTarget section */
		A5A8E7371BB4EC0700E5973E /* MonkeyPinch64 */ = {
			isa = PBXNativeTarget;
			buildConfigurationList = A5A8E7571BB4EC0800E5973E /* Build configuration list for PBXNativeTarget "MonkeyPinch64" */;
			buildPhases = (
				A5A8E7341BB4EC0700E5973E /* Sources */,
				A5A8E7351BB4EC0700E5973E /* Frameworks */,
				A5A8E7361BB4EC0700E5973E /* Resources */,
			);
			buildRules = (
			);
			dependencies = (
			);
			name = MonkeyPinch64;
			productName = MonkeyPinch64;
			productReference = A5A8E7381BB4EC0800E5973E /* MonkeyPinch64.app */;
			productType = "com.apple.product-type.application";
		};
		A5A8E74C1BB4EC0800E5973E /* MonkeyPinch64Tests */ = {
			isa = PBXNativeTarget;
			buildConfigurationList = A5A8E75A1BB4EC0800E5973E /* Build configuration list for PBXNativeTarget "MonkeyPinch64Tests" */;
			buildPhases = (
				A5A8E7491BB4EC0800E5973E /* Sources */,
				A5A8E74A1BB4EC0800E5973E /* Frameworks */,
				A5A8E74B1BB4EC0800E5973E /* Resources */,
			);
			buildRules = (
			);
			dependencies = (
				A5A8E74F1BB4EC0800E5973E /* PBXTargetDependency */,
			);
			name = MonkeyPinch64Tests;
			productName = MonkeyPinch64Tests;
			productReference = A5A8E74D1BB4EC0800E5973E /* MonkeyPinch64Tests.xctest */;
			productType = "com.apple.product-type.bundle.unit-test";
		};
/* End PBXNativeTarget section */

/* Begin PBXProject section */
		A5A8E7301BB4EC0700E5973E /* Project object */ = {
			isa = PBXProject;
			attributes = {
				LastUpgradeCheck = 0640;
				ORGANIZATIONNAME = qpiapps;
				TargetAttributes = {
					A5A8E7371BB4EC0700E5973E = {
						CreatedOnToolsVersion = 6.4;
					};
					A5A8E74C1BB4EC0800E5973E = {
						CreatedOnToolsVersion = 6.4;
						TestTargetID = A5A8E7371BB4EC0700E5973E;
					};
				};
			};
			buildConfigurationList = A5A8E7331BB4EC0700E5973E /* Build configuration list for PBXProject "MonkeyPinch64" */;
			compatibilityVersion = "Xcode 3.2";
			developmentRegion = English;
			hasScannedForEncodings = 0;
			knownRegions = (
				en,
				Base,
			);
			mainGroup = A5A8E72F1BB4EC0700E5973E;
			productRefGroup = A5A8E7391BB4EC0800E5973E /* Products */;
			projectDirPath = "";
			projectRoot = "";
			targets = (
				A5A8E7371BB4EC0700E5973E /* MonkeyPinch64 */,
				A5A8E74C1BB4EC0800E5973E /* MonkeyPinch64Tests */,
			);
		};
/* End PBXProject section */

/* Begin PBXResourcesBuildPhase section */
		A5A8E7361BB4EC0700E5973E /* Resources */ = {
			isa = PBXResourcesBuildPhase;
			buildActionMask = 2147483647;
			files = (
				A5A8E7671BB4EC7400E5973E /* monkey.png in Resources */,
				A5A8E7651BB4EC7400E5973E /* chomp.caf in Resources */,
				A5A8E7431BB4EC0800E5973E /* Main.storyboard in Resources */,
				A5A8E7481BB4EC0800E5973E /* LaunchScreen.xib in Resources */,
				A5A8E7681BB4EC7400E5973E /* monkey@2x.png in Resources */,
				A5A8E7641BB4EC7400E5973E /* banana@2x.png in Resources */,
				A5A8E7631BB4EC7400E5973E /* banana.png in Resources */,
				A5A8E7451BB4EC0800E5973E /* Images.xcassets in Resources */,
				A5A8E7661BB4EC7400E5973E /* hehehe1.caf in Resources */,
			);
			runOnlyForDeploymentPostprocessing = 0;
		};
		A5A8E74B1BB4EC0800E5973E /* Resources */ = {
			isa = PBXResourcesBuildPhase;
			buildActionMask = 2147483647;
			files = (
			);
			runOnlyForDeploymentPostprocessing = 0;
		};
/* End PBXResourcesBuildPhase section */

/* Begin PBXSourcesBuildPhase section */
		A5A8E7341BB4EC0700E5973E /* Sources */ = {
			isa = PBXSourcesBuildPhase;
			buildActionMask = 2147483647;
			files = (
				A5A8E7401BB4EC0800E5973E /* ViewController.swift in Sources */,
				A5AE7D981BB4FE3C0049F12A /* TickleGestureRecognizer.swift in Sources */,
				A5A8E73E1BB4EC0800E5973E /* AppDelegate.swift in Sources */,
			);
			runOnlyForDeploymentPostprocessing = 0;
		};
		A5A8E7491BB4EC0800E5973E /* Sources */ = {
			isa = PBXSourcesBuildPhase;
			buildActionMask = 2147483647;
			files = (
				A5A8E7541BB4EC0800E5973E /* MonkeyPinch64Tests.swift in Sources */,
			);
			runOnlyForDeploymentPostprocessing = 0;
		};
/* End PBXSourcesBuildPhase section */

/* Begin PBXTargetDependency section */
		A5A8E74F1BB4EC0800E5973E /* PBXTargetDependency */ = {
			isa = PBXTargetDependency;
			target = A5A8E7371BB4EC0700E5973E /* MonkeyPinch64 */;
			targetProxy = A5A8E74E1BB4EC0800E5973E /* PBXContainerItemProxy */;
		};
/* End PBXTargetDependency section */

/* Begin PBXVariantGroup section */
		A5A8E7411BB4EC0800E5973E /* Main.storyboard */ = {
			isa = PBXVariantGroup;
			children = (
				A5A8E7421BB4EC0800E5973E /* Base */,
			);
			name = Main.storyboard;
			sourceTree = "<group>";
		};
		A5A8E7461BB4EC0800E5973E /* LaunchScreen.xib */ = {
			isa = PBXVariantGroup;
			children = (
				A5A8E7471BB4EC0800E5973E /* Base */,
			);
			name = LaunchScreen.xib;
			sourceTree = "<group>";
		};
/* End PBXVariantGroup section */

/* Begin XCBuildConfiguration section */
		A5A8E7551BB4EC0800E5973E /* Debug */ = {
			isa = XCBuildConfiguration;
			buildSettings = {
				ALWAYS_SEARCH_USER_PATHS = NO;
				CLANG_CXX_LANGUAGE_STANDARD = "gnu++0x";
				CLANG_CXX_LIBRARY = "libc++";
				CLANG_ENABLE_MODULES = YES;
				CLANG_ENABLE_OBJC_ARC = YES;
				CLANG_WARN_BOOL_CONVERSION = YES;
				CLANG_WARN_CONSTANT_CONVERSION = YES;
				CLANG_WARN_DIRECT_OBJC_ISA_USAGE = YES_ERROR;
				CLANG_WARN_EMPTY_BODY = YES;
				CLANG_WARN_ENUM_CONVERSION = YES;
				CLANG_WARN_INT_CONVERSION = YES;
				CLANG_WARN_OBJC_ROOT_CLASS = YES_ERROR;
				CLANG_WARN_UNREACHABLE_CODE = YES;
				CLANG_WARN__DUPLICATE_METHOD_MATCH = YES;
				"CODE_SIGN_IDENTITY[sdk=iphoneos*]" = "iPhone Developer";
				COPY_PHASE_STRIP = NO;
				DEBUG_INFORMATION_FORMAT = "dwarf-with-dsym";
				ENABLE_STRICT_OBJC_MSGSEND = YES;
				GCC_C_LANGUAGE_STANDARD = gnu99;
				GCC_DYNAMIC_NO_PIC = NO;
				GCC_NO_COMMON_BLOCKS = YES;
				GCC_OPTIMIZATION_LEVEL = 0;
				GCC_PREPROCESSOR_DEFINITIONS = (
					"DEBUG=1",
					"$(inherited)",
				);
				GCC_SYMBOLS_PRIVATE_EXTERN = NO;
				GCC_WARN_64_TO_32_BIT_CONVERSION = YES;
				GCC_WARN_ABOUT_RETURN_TYPE = YES_ERROR;
				GCC_WARN_UNDECLARED_SELECTOR = YES;
				GCC_WARN_UNINITIALIZED_AUTOS = YES_AGGRESSIVE;
				GCC_WARN_UNUSED_FUNCTION = YES;
				GCC_WARN_UNUSED_VARIABLE = YES;
				IPHONEOS_DEPLOYMENT_TARGET = 8.4;
				MTL_ENABLE_DEBUG_INFO = YES;
				ONLY_ACTIVE_ARCH = YES;
				SDKROOT = iphoneos;
				SWIFT_OPTIMIZATION_LEVEL = "-Onone";
			};
			name = Debug;
		};
		A5A8E7561BB4EC0800E5973E /* Release */ = {
			isa = XCBuildConfiguration;
			buildSettings = {
				ALWAYS_SEARCH_USER_PATHS = NO;
				CLANG_CXX_LANGUAGE_STANDARD = "gnu++0x";
				CLANG_CXX_LIBRARY = "libc++";
				CLANG_ENABLE_MODULES = YES;
				CLANG_ENABLE_OBJC_ARC = YES;
				CLANG_WARN_BOOL_CONVERSION = YES;
				CLANG_WARN_CONSTANT_CONVERSION = YES;
				CLANG_WARN_DIRECT_OBJC_ISA_USAGE = YES_ERROR;
				CLANG_WARN_EMPTY_BODY = YES;
				CLANG_WARN_ENUM_CONVERSION = YES;
				CLANG_WARN_INT_CONVERSION = YES;
				CLANG_WARN_OBJC_ROOT_CLASS = YES_ERROR;
				CLANG_WARN_UNREACHABLE_CODE = YES;
				CLANG_WARN__DUPLICATE_METHOD_MATCH = YES;
				"CODE_SIGN_IDENTITY[sdk=iphoneos*]" = "iPhone Developer";
				COPY_PHASE_STRIP = NO;
				DEBUG_INFORMATION_FORMAT = "dwarf-with-dsym";
				ENABLE_NS_ASSERTIONS = NO;
				ENABLE_STRICT_OBJC_MSGSEND = YES;
				GCC_C_LANGUAGE_STANDARD = gnu99;
				GCC_NO_COMMON_BLOCKS = YES;
				GCC_WARN_64_TO_32_BIT_CONVERSION = YES;
				GCC_WARN_ABOUT_RETURN_TYPE = YES_ERROR;
				GCC_WARN_UNDECLARED_SELECTOR = YES;
				GCC_WARN_UNINITIALIZED_AUTOS = YES_AGGRESSIVE;
				GCC_WARN_UNUSED_FUNCTION = YES;
				GCC_WARN_UNUSED_VARIABLE = YES;
				IPHONEOS_DEPLOYMENT_TARGET = 8.4;
				MTL_ENABLE_DEBUG_INFO = NO;
				SDKROOT = iphoneos;
				VALIDATE_PRODUCT = YES;
			};
			name = Release;
		};
		A5A8E7581BB4EC0800E5973E /* Debug */ = {
			isa = XCBuildConfiguration;
			buildSettings = {
				ASSETCATALOG_COMPILER_APPICON_NAME = AppIcon;
				CLANG_ENABLE_MODULES = YES;
				INFOPLIST_FILE = MonkeyPinch64/Info.plist;
				IPHONEOS_DEPLOYMENT_TARGET = 8.1;
				LD_RUNPATH_SEARCH_PATHS = "$(inherited) @executable_path/Frameworks";
				PRODUCT_NAME = "$(TARGET_NAME)";
				SDKROOT = iphoneos8.4;
				SWIFT_OBJC_BRIDGING_HEADER = "MonkeyPinch64/MonkeyPinch64-Bridging-Header.h";
				SWIFT_OPTIMIZATION_LEVEL = "-Onone";
			};
			name = Debug;
		};
		A5A8E7591BB4EC0800E5973E /* Release */ = {
			isa = XCBuildConfiguration;
			buildSettings = {
				ASSETCATALOG_COMPILER_APPICON_NAME = AppIcon;
				CLANG_ENABLE_MODULES = YES;
				INFOPLIST_FILE = MonkeyPinch64/Info.plist;
				IPHONEOS_DEPLOYMENT_TARGET = 8.1;
				LD_RUNPATH_SEARCH_PATHS = "$(inherited) @executable_path/Frameworks";
				PRODUCT_NAME = "$(TARGET_NAME)";
				SDKROOT = iphoneos8.4;
				SWIFT_OBJC_BRIDGING_HEADER = "MonkeyPinch64/MonkeyPinch64-Bridging-Header.h";
			};
			name = Release;
		};
		A5A8E75B1BB4EC0800E5973E /* Debug */ = {
			isa = XCBuildConfiguration;
			buildSettings = {
				BUNDLE_LOADER = "$(TEST_HOST)";
				FRAMEWORK_SEARCH_PATHS = (
					"$(SDKROOT)/Developer/Library/Frameworks",
					"$(inherited)",
				);
				GCC_PREPROCESSOR_DEFINITIONS = (
					"DEBUG=1",
					"$(inherited)",
				);
				INFOPLIST_FILE = MonkeyPinch64Tests/Info.plist;
				LD_RUNPATH_SEARCH_PATHS = "$(inherited) @executable_path/Frameworks @loader_path/Frameworks";
				PRODUCT_NAME = "$(TARGET_NAME)";
				TEST_HOST = "$(BUILT_PRODUCTS_DIR)/MonkeyPinch64.app/MonkeyPinch64";
			};
			name = Debug;
		};
		A5A8E75C1BB4EC0800E5973E /* Release */ = {
			isa = XCBuildConfiguration;
			buildSettings = {
				BUNDLE_LOADER = "$(TEST_HOST)";
				FRAMEWORK_SEARCH_PATHS = (
					"$(SDKROOT)/Developer/Library/Frameworks",
					"$(inherited)",
				);
				INFOPLIST_FILE = MonkeyPinch64Tests/Info.plist;
				LD_RUNPATH_SEARCH_PATHS = "$(inherited) @executable_path/Frameworks @loader_path/Frameworks";
				PRODUCT_NAME = "$(TARGET_NAME)";
				TEST_HOST = "$(BUILT_PRODUCTS_DIR)/MonkeyPinch64.app/MonkeyPinch64";
			};
			name = Release;
		};
/* End XCBuildConfiguration section */

/* Begin XCConfigurationList section */
		A5A8E7331BB4EC0700E5973E /* Build configuration list for PBXProject "MonkeyPinch64" */ = {
			isa = XCConfigurationList;
			buildConfigurations = (
				A5A8E7551BB4EC0800E5973E /* Debug */,
				A5A8E7561BB4EC0800E5973E /* Release */,
			);
			defaultConfigurationIsVisible = 0;
			defaultConfigurationName = Release;
		};
		A5A8E7571BB4EC0800E5973E /* Build configuration list for PBXNativeTarget "MonkeyPinch64" */ = {
			isa = XCConfigurationList;
			buildConfigurations = (
				A5A8E7581BB4EC0800E5973E /* Debug */,
				A5A8E7591BB4EC0800E5973E /* Release */,
			);
			defaultConfigurationIsVisible = 0;
			defaultConfigurationName = Release;
		};
		A5A8E75A1BB4EC0800E5973E /* Build configuration list for PBXNativeTarget "MonkeyPinch64Tests" */ = {
			isa = XCConfigurationList;
			buildConfigurations = (
				A5A8E75B1BB4EC0800E5973E /* Debug */,
				A5A8E75C1BB4EC0800E5973E /* Release */,
			);
			defaultConfigurationIsVisible = 0;
			defaultConfigurationName = Release;
		};
/* End XCConfigurationList section */
	};
	rootObject = A5A8E7301BB4EC0700E5973E /* Project object */;
}
